
Microsoft Visual Studio Solution File, Format Version 12.00
# Visual Studio 2013
VisualStudioVersion = 12.0.30723.0
MinimumVisualStudioVersion = 10.0.40219.1
Project("{FAE04EC0-301F-11D3-BF4B-00C04F79EFBC}") = "VS2013PublishFiles", "VS2013PublishFiles\VS2013PublishFiles.csproj", "{0A22FD54-1C98-4748-9000-6CC845A3FCA9}"
EndProject
Project("{2150E333-8FDC-42A3-9474-1A3956D46DE8}") = "ExternalFiles", "ExternalFiles", "{2D12A7D0-7A21-445C-94D0-32BEF9F099F3}"
	ProjectSection(SolutionItems) = preProject
		global.js = global.js
		renamefile.js = renamefile.js
	EndProjectSection
EndProject
Global
	GlobalSection(SolutionConfigurationPlatforms) = preSolution
		Debug|Any CPU = Debug|Any CPU
		Release|Any CPU = Release|Any CPU
	EndGlobalSection
	GlobalSection(ProjectConfigurationPlatforms) = postSolution
		{0A22FD54-1C98-4748-9000-6CC845A3FCA9}.Debug|Any CPU.ActiveCfg = Debug|Any CPU
		{0A22FD54-1C98-4748-9000-6CC845A3FCA9}.Debug|Any CPU.Build.0 = Debug|Any CPU
		{0A22FD54-1C98-4748-9000-6CC845A3FCA9}.Release|Any CPU.ActiveCfg = Release|Any CPU
		{0A22FD54-1C98-4748-9000-6CC845A3FCA9}.Release|Any CPU.Build.0 = Release|Any CPU
	EndGlobalSection
	GlobalSection(SolutionProperties) = preSolution
		HideSolutionNode = FALSE
	EndGlobalSection
EndGlobal
